
Microsoft Visual Studio Solution File, Format Version 12.00
# Visual Studio Version 17
VisualStudioVersion = 17.3.32929.385
MinimumVisualStudioVersion = 10.0.40219.1
Project("{FAE04EC0-301F-11D3-BF4B-00C04F79EFBC}") = "WinFormsApp1", "WinFormsApp1\WinFormsApp1.csproj", "{60213A7A-843D-4635-8605-5A4E5102E0D3}"
EndProject
Global
	GlobalSection(SolutionConfigurationPlatforms) = preSolution
		Debug|Any CPU = Debug|Any CPU
		Release|Any CPU = Release|Any CPU
	EndGlobalSection
	GlobalSection(ProjectConfigurationPlatforms) = postSolution
		{60213A7A-843D-4635-8605-5A4E5102E0D3}.Debug|Any CPU.ActiveCfg = Debug|Any CPU
		{60213A7A-843D-4635-8605-5A4E5102E0D3}.Debug|Any CPU.Build.0 = Debug|Any CPU
		{60213A7A-843D-4635-8605-5A4E5102E0D3}.Release|Any CPU.ActiveCfg = Release|Any CPU
		{60213A7A-843D-4635-8605-5A4E5102E0D3}.Release|Any CPU.Build.0 = Release|Any CPU
	EndGlobalSection
	GlobalSection(SolutionProperties) = preSolution
		HideSolutionNode = FALSE
	EndGlobalSection
	GlobalSection(ExtensibilityGlobals) = postSolution
		SolutionGuid = {ACEF12B3-446D-4043-8410-ACCEFDFC36D6}
	EndGlobalSection
EndGlobal
